
Microsoft Visual Studio Solution File, Format Version 12.00
# Visual Studio Version 17
VisualStudioVersion = 17.5.002.0
MinimumVisualStudioVersion = 10.0.40219.1
Project("{2150E333-8FDC-42A3-9474-1A3956D46DE8}") = "csharp-prep", "csharp-prep", "{284B7095-AF64-45C5-BF13-804F15736F7D}"
EndProject
Project("{9A19103F-16F7-4668-BE54-9A1E7A4F7556}") = "Prep1", "csharp-prep\Prep1\Prep1.csproj", "{5E4FECE5-2E64-46EF-8A61-5B6860B9AF4C}"
EndProject
Project("{9A19103F-16F7-4668-BE54-9A1E7A4F7556}") = "Prep2", "csharp-prep\Prep2\Prep2.csproj", "{E4C9E2FD-88F8-4A64-9C4E-4652645F5B30}"
EndProject
Project("{9A19103F-16F7-4668-BE54-9A1E7A4F7556}") = "Prep3", "csharp-prep\Prep3\Prep3.csproj", "{DB42277B-1719-4847-8E1A-1C1C672BB321}"
EndProject
Project("{9A19103F-16F7-4668-BE54-9A1E7A4F7556}") = "Prep4", "csharp-prep\Prep4\Prep4.csproj", "{0CA121A0-1B7E-4A84-972D-A211A1E427A6}"
EndProject
Project("{9A19103F-16F7-4668-BE54-9A1E7A4F7556}") = "Prep5", "csharp-prep\Prep5\Prep5.csproj", "{75BD3334-A29A-42D6-9386-C8C868D94EC4}"
EndProject
Project("{2150E333-8FDC-42A3-9474-1A3956D46DE8}") = "final", "final", "{38FD3A23-7647-4770-ADB0-A7DBCE4327AB}"
EndProject
Project("{9A19103F-16F7-4668-BE54-9A1E7A4F7556}") = "FinalProject", "final\FinalProject\FinalProject.csproj", "{1D296F80-437A-4DFF-ABED-3D7E27B88C4D}"
EndProject
Project("{9A19103F-16F7-4668-BE54-9A1E7A4F7556}") = "Foundation1", "final\Foundation1\Foundation1.csproj", "{CB631428-0F84-4292-B25E-ACD187A490AC}"
EndProject
Project("{9A19103F-16F7-4668-BE54-9A1E7A4F7556}") = "Foundation2", "final\Foundation2\Foundation2.csproj", "{FA560D23-1F60-4E6E-AB52-D369427F2BC3}"
EndProject
Project("{9A19103F-16F7-4668-BE54-9A1E7A4F7556}") = "Foundation3", "final\Foundation3\Foundation3.csproj", "{C37C5EE3-CA85-48EB-A0DA-7AB3B7D50B6B}"
EndProject
Project("{9A19103F-16F7-4668-BE54-9A1E7A4F7556}") = "Foundation4", "final\Foundation4\Foundation4.csproj", "{68AF6BE3-04B2-4B9B-B694-5DDEC1AC35F8}"
EndProject
Project("{2150E333-8FDC-42A3-9474-1A3956D46DE8}") = "prepare", "prepare", "{4FE39E8C-FCC3-4D3E-B656-E2610F7107A5}"
EndProject
Project("{9A19103F-16F7-4668-BE54-9A1E7A4F7556}") = "Learning02", "prepare\Learning02\Learning02.csproj", "{32E77DAF-7A53-4908-B068-A74FB349367F}"
EndProject
Project("{9A19103F-16F7-4668-BE54-9A1E7A4F7556}") = "Learning03", "prepare\Learning03\Learning03.csproj", "{E2D70C35-971D-49ED-B5B7-887D9DB852A6}"
EndProject
Project("{9A19103F-16F7-4668-BE54-9A1E7A4F7556}") = "Learning04", "prepare\Learning04\Learning04.csproj", "{560EDF7B-E222-4AEB-B843-1878D5C44050}"
EndProject
Project("{9A19103F-16F7-4668-BE54-9A1E7A4F7556}") = "Learning05", "prepare\Learning05\Learning05.csproj", "{494716C7-003A-4D47-AD4A-549D036DD5F1}"
EndProject
Project("{2150E333-8FDC-42A3-9474-1A3956D46DE8}") = "prove", "prove", "{FE680344-EA72-40A7-A134-D01B2756CB2C}"
EndProject
Project("{9A19103F-16F7-4668-BE54-9A1E7A4F7556}") = "Develop02", "prove\Develop02\Develop02.csproj", "{59DF636F-4069-45A0-AD97-7F1E386D837A}"
EndProject
Project("{9A19103F-16F7-4668-BE54-9A1E7A4F7556}") = "Develop03", "prove\Develop03\Develop03.csproj", "{C485FD69-7B3E-404C-A38E-33F6F2637C48}"
EndProject
Project("{9A19103F-16F7-4668-BE54-9A1E7A4F7556}") = "Develop04", "prove\Develop04\Develop04.csproj", "{BD3A808C-C68C-43A5-9C32-03BFA6044BC4}"
EndProject
Project("{9A19103F-16F7-4668-BE54-9A1E7A4F7556}") = "Develop05", "prove\Develop05\Develop05.csproj", "{DD078CA7-9F98-4F8E-93D1-7025AC555495}"
EndProject
Project("{2150E333-8FDC-42A3-9474-1A3956D46DE8}") = "sandbox", "sandbox", "{BD201145-AA5E-4E14-9D8D-70A21D0F40EE}"
EndProject
Project("{9A19103F-16F7-4668-BE54-9A1E7A4F7556}") = "Sandbox", "sandbox\Sandbox\Sandbox.csproj", "{48893EE8-25AE-4E6C-8ABE-B0A9AC2A0556}"
EndProject
Global
	GlobalSection(SolutionConfigurationPlatforms) = preSolution
		Debug|Any CPU = Debug|Any CPU
		Release|Any CPU = Release|Any CPU
	EndGlobalSection
	GlobalSection(ProjectConfigurationPlatforms) = postSolution
		{5E4FECE5-2E64-46EF-8A61-5B6860B9AF4C}.Debug|Any CPU.ActiveCfg = Debug|Any CPU
		{5E4FECE5-2E64-46EF-8A61-5B6860B9AF4C}.Debug|Any CPU.Build.0 = Debug|Any CPU
		{5E4FECE5-2E64-46EF-8A61-5B6860B9AF4C}.Release|Any CPU.ActiveCfg = Release|Any CPU
		{5E4FECE5-2E64-46EF-8A61-5B6860B9AF4C}.Release|Any CPU.Build.0 = Release|Any CPU
		{E4C9E2FD-88F8-4A64-9C4E-4652645F5B30}.Debug|Any CPU.ActiveCfg = Debug|Any CPU
		{E4C9E2FD-88F8-4A64-9C4E-4652645F5B30}.Debug|Any CPU.Build.0 = Debug|Any CPU
		{E4C9E2FD-88F8-4A64-9C4E-4652645F5B30}.Release|Any CPU.ActiveCfg = Release|Any CPU
		{E4C9E2FD-88F8-4A64-9C4E-4652645F5B30}.Release|Any CPU.Build.0 = Release|Any CPU
		{DB42277B-1719-4847-8E1A-1C1C672BB321}.Debug|Any CPU.ActiveCfg = Debug|Any CPU
		{DB42277B-1719-4847-8E1A-1C1C672BB321}.Debug|Any CPU.Build.0 = Debug|Any CPU
		{DB42277B-1719-4847-8E1A-1C1C672BB321}.Release|Any CPU.ActiveCfg = Release|Any CPU
		{DB42277B-1719-4847-8E1A-1C1C672BB321}.Release|Any CPU.Build.0 = Release|Any CPU
		{0CA121A0-1B7E-4A84-972D-A211A1E427A6}.Debug|Any CPU.ActiveCfg = Debug|Any CPU
		{0CA121A0-1B7E-4A84-972D-A211A1E427A6}.Debug|Any CPU.Build.0 = Debug|Any CPU
		{0CA121A0-1B7E-4A84-972D-A211A1E427A6}.Release|Any CPU.ActiveCfg = Release|Any CPU
		{0CA121A0-1B7E-4A84-972D-A211A1E427A6}.Release|Any CPU.Build.0 = Release|Any CPU
		{75BD3334-A29A-42D6-9386-C8C868D94EC4}.Debug|Any CPU.ActiveCfg = Debug|Any CPU
		{75BD3334-A29A-42D6-9386-C8C868D94EC4}.Debug|Any CPU.Build.0 = Debug|Any CPU
		{75BD3334-A29A-42D6-9386-C8C868D94EC4}.Release|Any CPU.ActiveCfg = Release|Any CPU
		{75BD3334-A29A-42D6-9386-C8C868D94EC4}.Release|Any CPU.Build.0 = Release|Any CPU
		{1D296F80-437A-4DFF-ABED-3D7E27B88C4D}.Debug|Any CPU.ActiveCfg = Debug|Any CPU
		{1D296F80-437A-4DFF-ABED-3D7E27B88C4D}.Debug|Any CPU.Build.0 = Debug|Any CPU
		{1D296F80-437A-4DFF-ABED-3D7E27B88C4D}.Release|Any CPU.ActiveCfg = Release|Any CPU
		{1D296F80-437A-4DFF-ABED-3D7E27B88C4D}.Release|Any CPU.Build.0 = Release|Any CPU
		{CB631428-0F84-4292-B25E-ACD187A490AC}.Debug|Any CPU.ActiveCfg = Debug|Any CPU
		{CB631428-0F84-4292-B25E-ACD187A490AC}.Debug|Any CPU.Build.0 = Debug|Any CPU
		{CB631428-0F84-4292-B25E-ACD187A490AC}.Release|Any CPU.ActiveCfg = Release|Any CPU
		{CB631428-0F84-4292-B25E-ACD187A490AC}.Release|Any CPU.Build.0 = Release|Any CPU
		{FA560D23-1F60-4E6E-AB52-D369427F2BC3}.Debug|Any CPU.ActiveCfg = Debug|Any CPU
		{FA560D23-1F60-4E6E-AB52-D369427F2BC3}.Debug|Any CPU.Build.0 = Debug|Any CPU
		{FA560D23-1F60-4E6E-AB52-D369427F2BC3}.Release|Any CPU.ActiveCfg = Release|Any CPU
		{FA560D23-1F60-4E6E-AB52-D369427F2BC3}.Release|Any CPU.Build.0 = Release|Any CPU
		{C37C5EE3-CA85-48EB-A0DA-7AB3B7D50B6B}.Debug|Any CPU.ActiveCfg = Debug|Any CPU
		{C37C5EE3-CA85-48EB-A0DA-7AB3B7D50B6B}.Debug|Any CPU.Build.0 = Debug|Any CPU
		{C37C5EE3-CA85-48EB-A0DA-7AB3B7D50B6B}.Release|Any CPU.ActiveCfg = Release|Any CPU
		{C37C5EE3-CA85-48EB-A0DA-7AB3B7D50B6B}.Release|Any CPU.Build.0 = Release|Any CPU
		{68AF6BE3-04B2-4B9B-B694-5DDEC1AC35F8}.Debug|Any CPU.ActiveCfg = Debug|Any CPU
		{68AF6BE3-04B2-4B9B-B694-5DDEC1AC35F8}.Debug|Any CPU.Build.0 = Debug|Any CPU
		{68AF6BE3-04B2-4B9B-B694-5DDEC1AC35F8}.Release|Any CPU.ActiveCfg = Release|Any CPU
		{68AF6BE3-04B2-4B9B-B694-5DDEC1AC35F8}.Release|Any CPU.Build.0 = Release|Any CPU
		{32E77DAF-7A53-4908-B068-A74FB349367F}.Debug|Any CPU.ActiveCfg = Debug|Any CPU
		{32E77DAF-7A53-4908-B068-A74FB349367F}.Debug|Any CPU.Build.0 = Debug|Any CPU
		{32E77DAF-7A53-4908-B068-A74FB349367F}.Release|Any CPU.ActiveCfg = Release|Any CPU
		{32E77DAF-7A53-4908-B068-A74FB349367F}.Release|Any CPU.Build.0 = Release|Any CPU
		{E2D70C35-971D-49ED-B5B7-887D9DB852A6}.Debug|Any CPU.ActiveCfg = Debug|Any CPU
		{E2D70C35-971D-49ED-B5B7-887D9DB852A6}.Debug|Any CPU.Build.0 = Debug|Any CPU
		{E2D70C35-971D-49ED-B5B7-887D9DB852A6}.Release|Any CPU.ActiveCfg = Release|Any CPU
		{E2D70C35-971D-49ED-B5B7-887D9DB852A6}.Release|Any CPU.Build.0 = Release|Any CPU
		{560EDF7B-E222-4AEB-B843-1878D5C44050}.Debug|Any CPU.ActiveCfg = Debug|Any CPU
		{560EDF7B-E222-4AEB-B843-1878D5C44050}.Debug|Any CPU.Build.0 = Debug|Any CPU
		{560EDF7B-E222-4AEB-B843-1878D5C44050}.Release|Any CPU.ActiveCfg = Release|Any CPU
		{560EDF7B-E222-4AEB-B843-1878D5C44050}.Release|Any CPU.Build.0 = Release|Any CPU
		{494716C7-003A-4D47-AD4A-549D036DD5F1}.Debug|Any CPU.ActiveCfg = Debug|Any CPU
		{494716C7-003A-4D47-AD4A-549D036DD5F1}.Debug|Any CPU.Build.0 = Debug|Any CPU
		{494716C7-003A-4D47-AD4A-549D036DD5F1}.Release|Any CPU.ActiveCfg = Release|Any CPU
		{494716C7-003A-4D47-AD4A-549D036DD5F1}.Release|Any CPU.Build.0 = Release|Any CPU
		{59DF636F-4069-45A0-AD97-7F1E386D837A}.Debug|Any CPU.ActiveCfg = Debug|Any CPU
		{59DF636F-4069-45A0-AD97-7F1E386D837A}.Debug|Any CPU.Build.0 = Debug|Any CPU
		{59DF636F-4069-45A0-AD97-7F1E386D837A}.Release|Any CPU.ActiveCfg = Release|Any CPU
		{59DF636F-4069-45A0-AD97-7F1E386D837A}.Release|Any CPU.Build.0 = Release|Any CPU
		{C485FD69-7B3E-404C-A38E-33F6F2637C48}.Debug|Any CPU.ActiveCfg = Debug|Any CPU
		{C485FD69-7B3E-404C-A38E-33F6F2637C48}.Debug|Any CPU.Build.0 = Debug|Any CPU
		{C485FD69-7B3E-404C-A38E-33F6F2637C48}.Release|Any CPU.ActiveCfg = Release|Any CPU
		{C485FD69-7B3E-404C-A38E-33F6F2637C48}.Release|Any CPU.Build.0 = Release|Any CPU
		{BD3A808C-C68C-43A5-9C32-03BFA6044BC4}.Debug|Any CPU.ActiveCfg = Debug|Any CPU
		{BD3A808C-C68C-43A5-9C32-03BFA6044BC4}.Debug|Any CPU.Build.0 = Debug|Any CPU
		{BD3A808C-C68C-43A5-9C32-03BFA6044BC4}.Release|Any CPU.ActiveCfg = Release|Any CPU
		{BD3A808C-C68C-43A5-9C32-03BFA6044BC4}.Release|Any CPU.Build.0 = Release|Any CPU
		{DD078CA7-9F98-4F8E-93D1-7025AC555495}.Debug|Any CPU.ActiveCfg = Debug|Any CPU
		{DD078CA7-9F98-4F8E-93D1-7025AC555495}.Debug|Any CPU.Build.0 = Debug|Any CPU
		{DD078CA7-9F98-4F8E-93D1-7025AC555495}.Release|Any CPU.ActiveCfg = Release|Any CPU
		{DD078CA7-9F98-4F8E-93D1-7025AC555495}.Release|Any CPU.Build.0 = Release|Any CPU
		{48893EE8-25AE-4E6C-8ABE-B0A9AC2A0556}.Debug|Any CPU.ActiveCfg = Debug|Any CPU
		{48893EE8-25AE-4E6C-8ABE-B0A9AC2A0556}.Debug|Any CPU.Build.0 = Debug|Any CPU
		{48893EE8-25AE-4E6C-8ABE-B0A9AC2A0556}.Release|Any CPU.ActiveCfg = Release|Any CPU
		{48893EE8-25AE-4E6C-8ABE-B0A9AC2A0556}.Release|Any CPU.Build.0 = Release|Any CPU
	EndGlobalSection
	GlobalSection(SolutionProperties) = preSolution
		HideSolutionNode = FALSE
	EndGlobalSection
	GlobalSection(NestedProjects) = preSolution
		{5E4FECE5-2E64-46EF-8A61-5B6860B9AF4C} = {284B7095-AF64-45C5-BF13-804F15736F7D}
		{E4C9E2FD-88F8-4A64-9C4E-4652645F5B30} = {284B7095-AF64-45C5-BF13-804F15736F7D}
		{DB42277B-1719-4847-8E1A-1C1C672BB321} = {284B7095-AF64-45C5-BF13-804F15736F7D}
		{0CA121A0-1B7E-4A84-972D-A211A1E427A6} = {284B7095-AF64-45C5-BF13-804F15736F7D}
		{75BD3334-A29A-42D6-9386-C8C868D94EC4} = {284B7095-AF64-45C5-BF13-804F15736F7D}
		{1D296F80-437A-4DFF-ABED-3D7E27B88C4D} = {38FD3A23-7647-4770-ADB0-A7DBCE4327AB}
		{CB631428-0F84-4292-B25E-ACD187A490AC} = {38FD3A23-7647-4770-ADB0-A7DBCE4327AB}
		{FA560D23-1F60-4E6E-AB52-D369427F2BC3} = {38FD3A23-7647-4770-ADB0-A7DBCE4327AB}
		{C37C5EE3-CA85-48EB-A0DA-7AB3B7D50B6B} = {38FD3A23-7647-4770-ADB0-A7DBCE4327AB}
		{68AF6BE3-04B2-4B9B-B694-5DDEC1AC35F8} = {38FD3A23-7647-4770-ADB0-A7DBCE4327AB}
		{32E77DAF-7A53-4908-B068-A74FB349367F} = {4FE39E8C-FCC3-4D3E-B656-E2610F7107A5}
		{E2D70C35-971D-49ED-B5B7-887D9DB852A6} = {4FE39E8C-FCC3-4D3E-B656-E2610F7107A5}
		{560EDF7B-E222-4AEB-B843-1878D5C44050} = {4FE39E8C-FCC3-4D3E-B656-E2610F7107A5}
		{494716C7-003A-4D47-AD4A-549D036DD5F1} = {4FE39E8C-FCC3-4D3E-B656-E2610F7107A5}
		{59DF636F-4069-45A0-AD97-7F1E386D837A} = {FE680344-EA72-40A7-A134-D01B2756CB2C}
		{C485FD69-7B3E-404C-A38E-33F6F2637C48} = {FE680344-EA72-40A7-A134-D01B2756CB2C}
		{BD3A808C-C68C-43A5-9C32-03BFA6044BC4} = {FE680344-EA72-40A7-A134-D01B2756CB2C}
		{DD078CA7-9F98-4F8E-93D1-7025AC555495} = {FE680344-EA72-40A7-A134-D01B2756CB2C}
		{48893EE8-25AE-4E6C-8ABE-B0A9AC2A0556} = {BD201145-AA5E-4E14-9D8D-70A21D0F40EE}
	EndGlobalSection
	GlobalSection(ExtensibilityGlobals) = postSolution
		SolutionGuid = {9CF03456-14CA-4B52-BEDE-B7E599C0AB5F}
	EndGlobalSection
EndGlobal
